
Microsoft Visual Studio Solution File, Format Version 12.00
# Visual Studio Version 16
VisualStudioVersion = 16.0.809.8
MinimumVisualStudioVersion = 10.0.40219.1
Project("{FAE04EC0-301F-11D3-BF4B-00C04F79EFBC}") = "Hangman", "Hangman\Hangman.csproj", "{021A0AFB-20FD-4B51-95E1-3CD001FD71B7}"
EndProject
Global
	GlobalSection(SolutionConfigurationPlatforms) = preSolution
		Debug|anycpu = Debug|anycpu
		Release|anycpu = Release|anycpu
	EndGlobalSection
	GlobalSection(ProjectConfigurationPlatforms) = postSolution
		{021A0AFB-20FD-4B51-95E1-3CD001FD71B7}.Debug|anycpu.ActiveCfg = Debug|anycpu
		{021A0AFB-20FD-4B51-95E1-3CD001FD71B7}.Debug|anycpu.Build.0 = Debug|anycpu
		{021A0AFB-20FD-4B51-95E1-3CD001FD71B7}.Release|anycpu.ActiveCfg = Release|anycpu
		{021A0AFB-20FD-4B51-95E1-3CD001FD71B7}.Release|anycpu.Build.0 = Release|anycpu
	EndGlobalSection
	GlobalSection(SolutionProperties) = preSolution
		HideSolutionNode = FALSE
	EndGlobalSection
	GlobalSection(ExtensibilityGlobals) = postSolution
		SolutionGuid = {A2763CFD-A4B3-45DD-9119-364974786A5C}
	EndGlobalSection
EndGlobal
